
Microsoft Visual Studio Solution File, Format Version 12.00
# Visual Studio Version 17
VisualStudioVersion = 17.8.34525.116
MinimumVisualStudioVersion = 10.0.40219.1
Project("{9A19103F-16F7-4668-BE54-9A1E7A4F7556}") = "project.DAL.Tests", "project.DAL.Tests\project.DAL.Tests.csproj", "{D1B6BBE4-6879-403C-A0E1-EC3FE616CA93}"
EndProject
Project("{9A19103F-16F7-4668-BE54-9A1E7A4F7556}") = "project.DAL", "project.DAL\project.DAL.csproj", "{BDBC1B82-640C-43A9-A296-283CAB2C0A16}"
EndProject
Project("{9A19103F-16F7-4668-BE54-9A1E7A4F7556}") = "project.BL", "project.BL\project.BL.csproj", "{75F4EA48-7FC2-4BEE-9CB4-7D2714CFF70F}"
EndProject
Project("{9A19103F-16F7-4668-BE54-9A1E7A4F7556}") = "project.BL.Tests", "project.BL.Tests\project.BL.Tests.csproj", "{0A648D05-9844-4037-85C8-5677C2438956}"
EndProject
Project("{9A19103F-16F7-4668-BE54-9A1E7A4F7556}") = "project.Common.Tests", "project.Common.Tests\project.Common.Tests.csproj", "{B56B3187-9C27-4DCA-B281-B30D55580E79}"
EndProject
Project("{FAE04EC0-301F-11D3-BF4B-00C04F79EFBC}") = "project.APP", "project.APP\project.APP.csproj", "{7871E3E2-2994-4D7A-BDDA-4FFC569D6530}"
EndProject
Global
	GlobalSection(SolutionConfigurationPlatforms) = preSolution
		Debug|Any CPU = Debug|Any CPU
		Release|Any CPU = Release|Any CPU
	EndGlobalSection
	GlobalSection(ProjectConfigurationPlatforms) = postSolution
		{D1B6BBE4-6879-403C-A0E1-EC3FE616CA93}.Debug|Any CPU.ActiveCfg = Debug|Any CPU
		{D1B6BBE4-6879-403C-A0E1-EC3FE616CA93}.Debug|Any CPU.Build.0 = Debug|Any CPU
		{D1B6BBE4-6879-403C-A0E1-EC3FE616CA93}.Release|Any CPU.ActiveCfg = Release|Any CPU
		{D1B6BBE4-6879-403C-A0E1-EC3FE616CA93}.Release|Any CPU.Build.0 = Release|Any CPU
		{BDBC1B82-640C-43A9-A296-283CAB2C0A16}.Debug|Any CPU.ActiveCfg = Debug|Any CPU
		{BDBC1B82-640C-43A9-A296-283CAB2C0A16}.Debug|Any CPU.Build.0 = Debug|Any CPU
		{BDBC1B82-640C-43A9-A296-283CAB2C0A16}.Release|Any CPU.ActiveCfg = Release|Any CPU
		{BDBC1B82-640C-43A9-A296-283CAB2C0A16}.Release|Any CPU.Build.0 = Release|Any CPU
		{75F4EA48-7FC2-4BEE-9CB4-7D2714CFF70F}.Debug|Any CPU.ActiveCfg = Debug|Any CPU
		{75F4EA48-7FC2-4BEE-9CB4-7D2714CFF70F}.Debug|Any CPU.Build.0 = Debug|Any CPU
		{75F4EA48-7FC2-4BEE-9CB4-7D2714CFF70F}.Release|Any CPU.ActiveCfg = Release|Any CPU
		{75F4EA48-7FC2-4BEE-9CB4-7D2714CFF70F}.Release|Any CPU.Build.0 = Release|Any CPU
		{0A648D05-9844-4037-85C8-5677C2438956}.Debug|Any CPU.ActiveCfg = Debug|Any CPU
		{0A648D05-9844-4037-85C8-5677C2438956}.Debug|Any CPU.Build.0 = Debug|Any CPU
		{0A648D05-9844-4037-85C8-5677C2438956}.Release|Any CPU.ActiveCfg = Release|Any CPU
		{0A648D05-9844-4037-85C8-5677C2438956}.Release|Any CPU.Build.0 = Release|Any CPU
		{B56B3187-9C27-4DCA-B281-B30D55580E79}.Debug|Any CPU.ActiveCfg = Debug|Any CPU
		{B56B3187-9C27-4DCA-B281-B30D55580E79}.Debug|Any CPU.Build.0 = Debug|Any CPU
		{B56B3187-9C27-4DCA-B281-B30D55580E79}.Release|Any CPU.ActiveCfg = Release|Any CPU
		{B56B3187-9C27-4DCA-B281-B30D55580E79}.Release|Any CPU.Build.0 = Release|Any CPU
		{7871E3E2-2994-4D7A-BDDA-4FFC569D6530}.Debug|Any CPU.ActiveCfg = Debug|Any CPU
		{7871E3E2-2994-4D7A-BDDA-4FFC569D6530}.Debug|Any CPU.Build.0 = Debug|Any CPU
		{7871E3E2-2994-4D7A-BDDA-4FFC569D6530}.Debug|Any CPU.Deploy.0 = Debug|Any CPU
		{7871E3E2-2994-4D7A-BDDA-4FFC569D6530}.Release|Any CPU.ActiveCfg = Release|Any CPU
		{7871E3E2-2994-4D7A-BDDA-4FFC569D6530}.Release|Any CPU.Build.0 = Release|Any CPU
		{7871E3E2-2994-4D7A-BDDA-4FFC569D6530}.Release|Any CPU.Deploy.0 = Release|Any CPU
	EndGlobalSection
	GlobalSection(SolutionProperties) = preSolution
		HideSolutionNode = FALSE
	EndGlobalSection
	GlobalSection(ExtensibilityGlobals) = postSolution
		SolutionGuid = {EF28118B-56B7-48F3-8BAC-4CB93C1DFB25}
	EndGlobalSection
EndGlobal
