
Microsoft Visual Studio Solution File, Format Version 12.00
# Visual Studio Version 17
VisualStudioVersion = 17.9.34622.214
MinimumVisualStudioVersion = 10.0.40219.1
Project("{9A19103F-16F7-4668-BE54-9A1E7A4F7556}") = "project.DAL", "project.DAL.csproj", "{C5D72B22-72F8-4C29-9787-560AA2964D51}"
EndProject
Global
	GlobalSection(SolutionConfigurationPlatforms) = preSolution
		Debug|Any CPU = Debug|Any CPU
		Release|Any CPU = Release|Any CPU
	EndGlobalSection
	GlobalSection(ProjectConfigurationPlatforms) = postSolution
		{C5D72B22-72F8-4C29-9787-560AA2964D51}.Debug|Any CPU.ActiveCfg = Debug|Any CPU
		{C5D72B22-72F8-4C29-9787-560AA2964D51}.Debug|Any CPU.Build.0 = Debug|Any CPU
		{C5D72B22-72F8-4C29-9787-560AA2964D51}.Release|Any CPU.ActiveCfg = Release|Any CPU
		{C5D72B22-72F8-4C29-9787-560AA2964D51}.Release|Any CPU.Build.0 = Release|Any CPU
	EndGlobalSection
	GlobalSection(SolutionProperties) = preSolution
		HideSolutionNode = FALSE
	EndGlobalSection
	GlobalSection(ExtensibilityGlobals) = postSolution
		SolutionGuid = {372B3336-7208-4DD9-ABA6-ECA940D6A2AB}
	EndGlobalSection
EndGlobal
